
Microsoft Visual Studio Solution File, Format Version 12.00
# Visual Studio Version 17
VisualStudioVersion = 17.0.32014.148
MinimumVisualStudioVersion = 10.0.40219.1
Project("{FAE04EC0-301F-11D3-BF4B-00C04F79EFBC}") = "ProductReviewManagement", "ProductReviewManagement\ProductReviewManagement.csproj", "{DC07BF36-2259-4308-9B16-293D12DADD32}"
EndProject
Global
	GlobalSection(SolutionConfigurationPlatforms) = preSolution
		Debug|Any CPU = Debug|Any CPU
		Release|Any CPU = Release|Any CPU
	EndGlobalSection
	GlobalSection(ProjectConfigurationPlatforms) = postSolution
		{DC07BF36-2259-4308-9B16-293D12DADD32}.Debug|Any CPU.ActiveCfg = Debug|Any CPU
		{DC07BF36-2259-4308-9B16-293D12DADD32}.Debug|Any CPU.Build.0 = Debug|Any CPU
		{DC07BF36-2259-4308-9B16-293D12DADD32}.Release|Any CPU.ActiveCfg = Release|Any CPU
		{DC07BF36-2259-4308-9B16-293D12DADD32}.Release|Any CPU.Build.0 = Release|Any CPU
	EndGlobalSection
	GlobalSection(SolutionProperties) = preSolution
		HideSolutionNode = FALSE
	EndGlobalSection
	GlobalSection(ExtensibilityGlobals) = postSolution
		SolutionGuid = {3B165A1B-5EC9-4B71-B45D-74A043888313}
	EndGlobalSection
EndGlobal
